
Microsoft Visual Studio Solution File, Format Version 12.00
# Visual Studio Version 17
VisualStudioVersion = 17.6.33723.286
MinimumVisualStudioVersion = 10.0.40219.1
Project("{FAE04EC0-301F-11D3-BF4B-00C04F79EFBC}") = "WinFormsApp3", "WinFormsApp3\WinFormsApp3.csproj", "{5F89A10D-074F-407B-894E-7E738E7CBA0D}"
EndProject
Global
	GlobalSection(SolutionConfigurationPlatforms) = preSolution
		Debug|Any CPU = Debug|Any CPU
		Release|Any CPU = Release|Any CPU
	EndGlobalSection
	GlobalSection(ProjectConfigurationPlatforms) = postSolution
		{5F89A10D-074F-407B-894E-7E738E7CBA0D}.Debug|Any CPU.ActiveCfg = Debug|Any CPU
		{5F89A10D-074F-407B-894E-7E738E7CBA0D}.Debug|Any CPU.Build.0 = Debug|Any CPU
		{5F89A10D-074F-407B-894E-7E738E7CBA0D}.Release|Any CPU.ActiveCfg = Release|Any CPU
		{5F89A10D-074F-407B-894E-7E738E7CBA0D}.Release|Any CPU.Build.0 = Release|Any CPU
	EndGlobalSection
	GlobalSection(SolutionProperties) = preSolution
		HideSolutionNode = FALSE
	EndGlobalSection
	GlobalSection(ExtensibilityGlobals) = postSolution
		SolutionGuid = {6F0E5539-3ABE-4B22-AB85-655E5868B533}
	EndGlobalSection
EndGlobal
